
Microsoft Visual Studio Solution File, Format Version 12.00
# Visual Studio Version 16
VisualStudioVersion = 16.0.33027.164
MinimumVisualStudioVersion = 10.0.40219.1
Project("{FAE04EC0-301F-11D3-BF4B-00C04F79EFBC}") = "JobTest", "JobTest\JobTest.csproj", "{8A0E90E0-2081-4260-A3F6-C0831E1090B8}"
EndProject
Global
	GlobalSection(SolutionConfigurationPlatforms) = preSolution
		Debug|Any CPU = Debug|Any CPU
		Release|Any CPU = Release|Any CPU
	EndGlobalSection
	GlobalSection(ProjectConfigurationPlatforms) = postSolution
		{8A0E90E0-2081-4260-A3F6-C0831E1090B8}.Debug|Any CPU.ActiveCfg = Debug|Any CPU
		{8A0E90E0-2081-4260-A3F6-C0831E1090B8}.Debug|Any CPU.Build.0 = Debug|Any CPU
		{8A0E90E0-2081-4260-A3F6-C0831E1090B8}.Release|Any CPU.ActiveCfg = Release|Any CPU
		{8A0E90E0-2081-4260-A3F6-C0831E1090B8}.Release|Any CPU.Build.0 = Release|Any CPU
	EndGlobalSection
	GlobalSection(SolutionProperties) = preSolution
		HideSolutionNode = FALSE
	EndGlobalSection
	GlobalSection(ExtensibilityGlobals) = postSolution
		SolutionGuid = {FA692AF5-B552-4AC1-80CA-A4DF85E37F2E}
	EndGlobalSection
EndGlobal
